
Microsoft Visual Studio Solution File, Format Version 12.00
# Visual Studio Version 16
VisualStudioVersion = 16.0.30114.105
MinimumVisualStudioVersion = 10.0.40219.1
Project("{FAE04EC0-301F-11D3-BF4B-00C04F79EFBC}") = "WebApplication2", "WebApplication2\WebApplication2.csproj", "{EC0B5998-1691-4601-8369-F5F880C3598C}"
EndProject
Global
	GlobalSection(SolutionConfigurationPlatforms) = preSolution
		Debug|Any CPU = Debug|Any CPU
		Debug|x86 = Debug|x86
		Release|Any CPU = Release|Any CPU
		Release|x86 = Release|x86
	EndGlobalSection
	GlobalSection(ProjectConfigurationPlatforms) = postSolution
		{EC0B5998-1691-4601-8369-F5F880C3598C}.Debug|Any CPU.ActiveCfg = Debug|Any CPU
		{EC0B5998-1691-4601-8369-F5F880C3598C}.Debug|Any CPU.Build.0 = Debug|Any CPU
		{EC0B5998-1691-4601-8369-F5F880C3598C}.Debug|x86.ActiveCfg = Debug|Any CPU
		{EC0B5998-1691-4601-8369-F5F880C3598C}.Debug|x86.Build.0 = Debug|Any CPU
		{EC0B5998-1691-4601-8369-F5F880C3598C}.Release|Any CPU.ActiveCfg = Release|Any CPU
		{EC0B5998-1691-4601-8369-F5F880C3598C}.Release|Any CPU.Build.0 = Release|Any CPU
		{EC0B5998-1691-4601-8369-F5F880C3598C}.Release|x86.ActiveCfg = Release|x86
		{EC0B5998-1691-4601-8369-F5F880C3598C}.Release|x86.Build.0 = Release|x86
	EndGlobalSection
	GlobalSection(SolutionProperties) = preSolution
		HideSolutionNode = FALSE
	EndGlobalSection
	GlobalSection(ExtensibilityGlobals) = postSolution
		SolutionGuid = {234AEFA6-F74A-484C-866C-88B54D0EF392}
	EndGlobalSection
EndGlobal
